
Microsoft Visual Studio Solution File, Format Version 12.00
# Visual Studio Version 17
VisualStudioVersion = 17.6.33829.357
MinimumVisualStudioVersion = 10.0.40219.1
Project("{FAE04EC0-301F-11D3-BF4B-00C04F79EFBC}") = "MagicVilla_API", "MagicVilla_API\MagicVilla_API.csproj", "{B459A061-CAF2-4B0B-8B5B-11804125DC25}"
EndProject
Global
	GlobalSection(SolutionConfigurationPlatforms) = preSolution
		Debug|Any CPU = Debug|Any CPU
		Release|Any CPU = Release|Any CPU
	EndGlobalSection
	GlobalSection(ProjectConfigurationPlatforms) = postSolution
		{B459A061-CAF2-4B0B-8B5B-11804125DC25}.Debug|Any CPU.ActiveCfg = Debug|Any CPU
		{B459A061-CAF2-4B0B-8B5B-11804125DC25}.Debug|Any CPU.Build.0 = Debug|Any CPU
		{B459A061-CAF2-4B0B-8B5B-11804125DC25}.Release|Any CPU.ActiveCfg = Release|Any CPU
		{B459A061-CAF2-4B0B-8B5B-11804125DC25}.Release|Any CPU.Build.0 = Release|Any CPU
	EndGlobalSection
	GlobalSection(SolutionProperties) = preSolution
		HideSolutionNode = FALSE
	EndGlobalSection
	GlobalSection(ExtensibilityGlobals) = postSolution
		SolutionGuid = {AAEAF410-D0A7-4036-9D06-27803E9A9ED6}
	EndGlobalSection
EndGlobal
